
Microsoft Visual Studio Solution File, Format Version 12.00
# Visual Studio Version 17
VisualStudioVersion = 17.5.002.0
MinimumVisualStudioVersion = 10.0.40219.1
Project("{9A19103F-16F7-4668-BE54-9A1E7A4F7556}") = "Condicionales", "Condicionales.csproj", "{D10024D4-AD35-4711-8472-8F227179AA7C}"
EndProject
Global
	GlobalSection(SolutionConfigurationPlatforms) = preSolution
		Debug|Any CPU = Debug|Any CPU
		Release|Any CPU = Release|Any CPU
	EndGlobalSection
	GlobalSection(ProjectConfigurationPlatforms) = postSolution
		{D10024D4-AD35-4711-8472-8F227179AA7C}.Debug|Any CPU.ActiveCfg = Debug|Any CPU
		{D10024D4-AD35-4711-8472-8F227179AA7C}.Debug|Any CPU.Build.0 = Debug|Any CPU
		{D10024D4-AD35-4711-8472-8F227179AA7C}.Release|Any CPU.ActiveCfg = Release|Any CPU
		{D10024D4-AD35-4711-8472-8F227179AA7C}.Release|Any CPU.Build.0 = Release|Any CPU
	EndGlobalSection
	GlobalSection(SolutionProperties) = preSolution
		HideSolutionNode = FALSE
	EndGlobalSection
	GlobalSection(ExtensibilityGlobals) = postSolution
		SolutionGuid = {29DCCC51-19A7-43F0-9364-37131756C93C}
	EndGlobalSection
EndGlobal
